# @generated - this file is auto-generated by `mise lock` https://mise.jdx.dev/dev-tools/mise-lock.html

[[tools.actionlint]]
version = "1.7.12"
backend = "aqua:rhysd/actionlint"

[tools.actionlint."platforms.linux-arm64"]
checksum = "sha256:325e971b6ba9bfa504672e29be93c24981eeb1c07576d730e9f7c8805afff0c6"
url = "https://github.com/rhysd/actionlint/releases/download/v1.7.12/actionlint_1.7.12_linux_arm64.tar.gz"
url_api = "https://api.github.com/repos/rhysd/actionlint/releases/assets/384924897"
provenance = "github-attestations"

[tools.actionlint."platforms.linux-arm64-musl"]
checksum = "sha256:325e971b6ba9bfa504672e29be93c24981eeb1c07576d730e9f7c8805afff0c6"
url = "https://github.com/rhysd/actionlint/releases/download/v1.7.12/actionlint_1.7.12_linux_arm64.tar.gz"
url_api = "https://api.github.com/repos/rhysd/actionlint/releases/assets/384924897"
provenance = "github-attestations"

[tools.actionlint."platforms.linux-x64"]
checksum = "sha256:8aca8db96f1b94770f1b0d72b6dddcb1ebb8123cb3712530b08cc387b349a3d8"
url = "https://github.com/rhysd/actionlint/releases/download/v1.7.12/actionlint_1.7.12_linux_amd64.tar.gz"
url_api = "https://api.github.com/repos/rhysd/actionlint/releases/assets/384924896"
provenance = "github-attestations"

[tools.actionlint."platforms.linux-x64-musl"]
checksum = "sha256:8aca8db96f1b94770f1b0d72b6dddcb1ebb8123cb3712530b08cc387b349a3d8"
url = "https://github.com/rhysd/actionlint/releases/download/v1.7.12/actionlint_1.7.12_linux_amd64.tar.gz"
url_api = "https://api.github.com/repos/rhysd/actionlint/releases/assets/384924896"
provenance = "github-attestations"

[tools.actionlint."platforms.macos-arm64"]
checksum = "sha256:aba9ced2dee8d27fecca3dc7feb1a7f9a52caefa1eb46f3271ea66b6e0e6953f"
url = "https://github.com/rhysd/actionlint/releases/download/v1.7.12/actionlint_1.7.12_darwin_arm64.tar.gz"
url_api = "https://api.github.com/repos/rhysd/actionlint/releases/assets/384924893"
provenance = "github-attestations"

[tools.actionlint."platforms.macos-x64"]
checksum = "sha256:5b44c3bc2255115c9b69e30efc0fecdf498fdb63c5d58e17084fd5f16324c644"
url = "https://github.com/rhysd/actionlint/releases/download/v1.7.12/actionlint_1.7.12_darwin_amd64.tar.gz"
url_api = "https://api.github.com/repos/rhysd/actionlint/releases/assets/384924880"
provenance = "github-attestations"

[tools.actionlint."platforms.windows-x64"]
checksum = "sha256:6e7241b51e6817ea6a047693d8e6fed13b31819c9a0dd6c5a726e1592d22f6e9"
url = "https://github.com/rhysd/actionlint/releases/download/v1.7.12/actionlint_1.7.12_windows_amd64.zip"
url_api = "https://api.github.com/repos/rhysd/actionlint/releases/assets/384924919"
provenance = "github-attestations"

[[tools.cargo-dist]]
version = "0.32.0"
backend = "aqua:axodotdev/cargo-dist"

[tools.cargo-dist."platforms.linux-arm64"]
checksum = "sha256:d29bcffeb3f8b0c517b4ce0dd2470926ed5cb0bb29d78c6bdd5f88d76ee14a6a"
url = "https://github.com/axodotdev/cargo-dist/releases/download/v0.32.0/cargo-dist-aarch64-unknown-linux-gnu.tar.xz"
url_api = "https://api.github.com/repos/axodotdev/cargo-dist/releases/assets/426804449"
provenance = "github-attestations"

[tools.cargo-dist."platforms.linux-arm64-musl"]
checksum = "sha256:16d4394af9b91366ca92cb4601a72dd0a209a49301ef535749e2141039e26ed6"
url = "https://github.com/axodotdev/cargo-dist/releases/download/v0.32.0/cargo-dist-aarch64-unknown-linux-musl.tar.xz"
url_api = "https://api.github.com/repos/axodotdev/cargo-dist/releases/assets/426804445"
provenance = "github-attestations"

[tools.cargo-dist."platforms.linux-x64"]
checksum = "sha256:eb52f9fae0d0506774e9f1801c1168f87fa2c87a45e2d64d3ae7c89401929946"
url = "https://github.com/axodotdev/cargo-dist/releases/download/v0.32.0/cargo-dist-x86_64-unknown-linux-gnu.tar.xz"
url_api = "https://api.github.com/repos/axodotdev/cargo-dist/releases/assets/426804471"
provenance = "github-attestations"

[tools.cargo-dist."platforms.linux-x64-musl"]
checksum = "sha256:0d9dc001b0e937e9cc18e0dc11784aa7a3fd566656b07828d5e1d10ce1c1c48c"
url = "https://github.com/axodotdev/cargo-dist/releases/download/v0.32.0/cargo-dist-x86_64-unknown-linux-musl.tar.xz"
url_api = "https://api.github.com/repos/axodotdev/cargo-dist/releases/assets/426804479"
provenance = "github-attestations"

[tools.cargo-dist."platforms.macos-arm64"]
checksum = "sha256:aa343b2ff78ec2981f17a65140250c5ad6062c74072163f68c5c2686d94763a7"
url = "https://github.com/axodotdev/cargo-dist/releases/download/v0.32.0/cargo-dist-aarch64-apple-darwin.tar.xz"
url_api = "https://api.github.com/repos/axodotdev/cargo-dist/releases/assets/426804448"
provenance = "github-attestations"

[tools.cargo-dist."platforms.macos-x64"]
checksum = "sha256:6243464a8389e006b9256ee548bc795638f1a17113c1b6669c0e05ce89fd05c5"
url = "https://github.com/axodotdev/cargo-dist/releases/download/v0.32.0/cargo-dist-x86_64-apple-darwin.tar.xz"
url_api = "https://api.github.com/repos/axodotdev/cargo-dist/releases/assets/426804465"
provenance = "github-attestations"

[tools.cargo-dist."platforms.windows-x64"]
checksum = "sha256:26e845cabff12a92911ce960af73a86c8f9b2b2d9072b01dfe5b662acf044fa3"
url = "https://github.com/axodotdev/cargo-dist/releases/download/v0.32.0/cargo-dist-x86_64-pc-windows-msvc.zip"
url_api = "https://api.github.com/repos/axodotdev/cargo-dist/releases/assets/426804467"
provenance = "github-attestations"

[[tools.ffmpeg]]
version = "n8.1.2-1"
backend = "github:shaka-project/static-ffmpeg-binaries"

[tools.ffmpeg.options]
matching_regex = '^ffmpeg-(linux|osx|win)-(x64|arm64)(\.exe)?$'

[tools.ffmpeg."platforms.linux-arm64"]
checksum = "sha256:6e7b1d7d1aa8c35e3fedd78a140aa0968717aeb7386ecfb0ee00773d9f0a4503"
url = "https://github.com/shaka-project/static-ffmpeg-binaries/releases/download/n8.1.2-1/ffmpeg-linux-arm64"
url_api = "https://api.github.com/repos/shaka-project/static-ffmpeg-binaries/releases/assets/461580385"

[tools.ffmpeg."platforms.linux-arm64-musl"]
checksum = "sha256:6e7b1d7d1aa8c35e3fedd78a140aa0968717aeb7386ecfb0ee00773d9f0a4503"
url = "https://github.com/shaka-project/static-ffmpeg-binaries/releases/download/n8.1.2-1/ffmpeg-linux-arm64"
url_api = "https://api.github.com/repos/shaka-project/static-ffmpeg-binaries/releases/assets/461580385"

[tools.ffmpeg."platforms.linux-x64"]
checksum = "sha256:9eac5b2b5076db5ff853a6fa0dcd6b8de7d0cac8481eadda6c47cd935825f1ee"
url = "https://github.com/shaka-project/static-ffmpeg-binaries/releases/download/n8.1.2-1/ffmpeg-linux-x64"
url_api = "https://api.github.com/repos/shaka-project/static-ffmpeg-binaries/releases/assets/461580384"

[tools.ffmpeg."platforms.linux-x64-musl"]
checksum = "sha256:9eac5b2b5076db5ff853a6fa0dcd6b8de7d0cac8481eadda6c47cd935825f1ee"
url = "https://github.com/shaka-project/static-ffmpeg-binaries/releases/download/n8.1.2-1/ffmpeg-linux-x64"
url_api = "https://api.github.com/repos/shaka-project/static-ffmpeg-binaries/releases/assets/461580384"

[tools.ffmpeg."platforms.macos-arm64"]
checksum = "sha256:e7b9fcd97f95f333512d6e8b8ac24d9dbc08f189f36047695499bd7b57214b22"
url = "https://github.com/shaka-project/static-ffmpeg-binaries/releases/download/n8.1.2-1/ffmpeg-osx-arm64"
url_api = "https://api.github.com/repos/shaka-project/static-ffmpeg-binaries/releases/assets/461580394"

[tools.ffmpeg."platforms.macos-x64"]
checksum = "sha256:62c87854d851f202fc4a29bdda0fe7b6ebcddd37b863482ce1bdc81151b03fe4"
url = "https://github.com/shaka-project/static-ffmpeg-binaries/releases/download/n8.1.2-1/ffmpeg-osx-x64"
url_api = "https://api.github.com/repos/shaka-project/static-ffmpeg-binaries/releases/assets/461580395"

[tools.ffmpeg."platforms.windows-x64"]
checksum = "sha256:4044b3924c977ad31229d504c5d5b8685f9553124fbaff6e9c99048b42830341"
url = "https://github.com/shaka-project/static-ffmpeg-binaries/releases/download/n8.1.2-1/ffmpeg-win-x64.exe"
url_api = "https://api.github.com/repos/shaka-project/static-ffmpeg-binaries/releases/assets/461580397"

[[tools.ffprobe]]
version = "n8.1.2-1"
backend = "github:shaka-project/static-ffmpeg-binaries"

[tools.ffprobe.options]
matching_regex = '^ffprobe-(linux|osx|win)-(x64|arm64)(\.exe)?$'

[tools.ffprobe."platforms.linux-arm64"]
checksum = "sha256:fd2aca1456f0261cabef4514b6d97a70fa342003347f51b39c473dd364328089"
url = "https://github.com/shaka-project/static-ffmpeg-binaries/releases/download/n8.1.2-1/ffprobe-linux-arm64"
url_api = "https://api.github.com/repos/shaka-project/static-ffmpeg-binaries/releases/assets/461580399"

[tools.ffprobe."platforms.linux-arm64-musl"]
checksum = "sha256:fd2aca1456f0261cabef4514b6d97a70fa342003347f51b39c473dd364328089"
url = "https://github.com/shaka-project/static-ffmpeg-binaries/releases/download/n8.1.2-1/ffprobe-linux-arm64"
url_api = "https://api.github.com/repos/shaka-project/static-ffmpeg-binaries/releases/assets/461580399"

[tools.ffprobe."platforms.linux-x64"]
checksum = "sha256:065d3c56926052a76e884c4e4b51b7d95248da9391ab7effdcca6b94ceab98cf"
url = "https://github.com/shaka-project/static-ffmpeg-binaries/releases/download/n8.1.2-1/ffprobe-linux-x64"
url_api = "https://api.github.com/repos/shaka-project/static-ffmpeg-binaries/releases/assets/461580410"

[tools.ffprobe."platforms.linux-x64-musl"]
checksum = "sha256:065d3c56926052a76e884c4e4b51b7d95248da9391ab7effdcca6b94ceab98cf"
url = "https://github.com/shaka-project/static-ffmpeg-binaries/releases/download/n8.1.2-1/ffprobe-linux-x64"
url_api = "https://api.github.com/repos/shaka-project/static-ffmpeg-binaries/releases/assets/461580410"

[tools.ffprobe."platforms.macos-arm64"]
checksum = "sha256:ded4c698b8ff38d0bc1fd30fcc5e768dc46f58bc15a8dfd61f98615ba49cde5c"
url = "https://github.com/shaka-project/static-ffmpeg-binaries/releases/download/n8.1.2-1/ffprobe-osx-arm64"
url_api = "https://api.github.com/repos/shaka-project/static-ffmpeg-binaries/releases/assets/461580418"

[tools.ffprobe."platforms.macos-x64"]
checksum = "sha256:d530823f480a3c7eb6334f18a00197d1e9f1070e86172b9aa89c4bf4022bd879"
url = "https://github.com/shaka-project/static-ffmpeg-binaries/releases/download/n8.1.2-1/ffprobe-osx-x64"
url_api = "https://api.github.com/repos/shaka-project/static-ffmpeg-binaries/releases/assets/461580421"

[tools.ffprobe."platforms.windows-x64"]
checksum = "sha256:fc37ca23d31ee08bb8f7e108edf3822f6ef3efc1a8d306bbe0b779190230710b"
url = "https://github.com/shaka-project/static-ffmpeg-binaries/releases/download/n8.1.2-1/ffprobe-win-x64.exe"
url_api = "https://api.github.com/repos/shaka-project/static-ffmpeg-binaries/releases/assets/461580423"

[[tools.hk]]
version = "1.54.1"
backend = "aqua:jdx/hk"

[tools.hk."platforms.linux-arm64"]
checksum = "sha256:e00420ef742e2e222c2030253a8fa868033daf43fe670de17c2e6957dc577443"
url = "https://github.com/jdx/hk/releases/download/v1.54.1/hk-aarch64-unknown-linux-gnu.tar.gz"
url_api = "https://api.github.com/repos/jdx/hk/releases/assets/505018166"

[tools.hk."platforms.linux-arm64-musl"]
checksum = "sha256:a98f4e8d97bc4e07bef4528201f3dced2b2a9b3881ced92d0d38935a89b7ecfa"
url = "https://github.com/jdx/hk/releases/download/v1.54.1/hk-aarch64-unknown-linux-musl.tar.gz"
url_api = "https://api.github.com/repos/jdx/hk/releases/assets/505018162"

[tools.hk."platforms.linux-x64"]
checksum = "sha256:20775cfb4e8065aa25e790d888856d4d62cc2e688725c010f8a5fc112aa759b5"
url = "https://github.com/jdx/hk/releases/download/v1.54.1/hk-x86_64-unknown-linux-gnu.tar.gz"
url_api = "https://api.github.com/repos/jdx/hk/releases/assets/505018180"

[tools.hk."platforms.linux-x64-musl"]
checksum = "sha256:a78ee242f310d329843b36e41766df9b45ef29609c7424a6d84244b278f8cb3d"
url = "https://github.com/jdx/hk/releases/download/v1.54.1/hk-x86_64-unknown-linux-musl.tar.gz"
url_api = "https://api.github.com/repos/jdx/hk/releases/assets/505018181"

[tools.hk."platforms.macos-arm64"]
checksum = "sha256:8384262050e5f523c58af9e23cd92e2274e38cf95b4e72cf66f63545afa149b2"
url = "https://github.com/jdx/hk/releases/download/v1.54.1/hk-aarch64-apple-darwin.tar.gz"
url_api = "https://api.github.com/repos/jdx/hk/releases/assets/505018164"

[tools.hk."platforms.windows-x64"]
checksum = "sha256:32c28a6ec024ddfd59482334f0225f6e6c5202fdb3a5fdc74f3c987a1fd08007"
url = "https://github.com/jdx/hk/releases/download/v1.54.1/hk-x86_64-pc-windows-msvc.zip"
url_api = "https://api.github.com/repos/jdx/hk/releases/assets/505018165"

[[tools."http:libpipewire-sdk"]]
version = "1.6.8-1"
backend = "http:libpipewire-sdk"

[tools."http:libpipewire-sdk".options]
format = "tar.zst"

[tools."http:libpipewire-sdk"."platforms.linux-x64"]
checksum = "sha256:4bf22c0509618e2093b5d7662a2fce23bae5afb2a23ff45e26ebd548b5c7cedc"
url = "https://archive.archlinux.org/packages/l/libpipewire/libpipewire-1%3A1.6.8-1-x86_64.pkg.tar.zst"

[tools."http:libpipewire-sdk"."platforms.linux-x64-musl"]
checksum = "sha256:4bf22c0509618e2093b5d7662a2fce23bae5afb2a23ff45e26ebd548b5c7cedc"
url = "https://archive.archlinux.org/packages/l/libpipewire/libpipewire-1%3A1.6.8-1-x86_64.pkg.tar.zst"

[[tools."http:pkgconf"]]
version = "3.0.1.post0"
backend = "http:pkgconf"

[tools."http:pkgconf".options]
format = "zip"

[tools."http:pkgconf"."platforms.linux-x64"]
checksum = "sha256:ff5a7fe9b4248396023938ef14b344e9fb47d24882ebab1ffa926b62f0a10ebd"
url = "https://files.pythonhosted.org/packages/2c/82/36356bd30ef13ea767c53a4be7c508621e77c2d52e60b48929710de07230/pkgconf-3.0.1.post0-py3-none-manylinux2014_x86_64.manylinux_2_17_x86_64.manylinux_2_28_x86_64.whl"

[tools."http:pkgconf"."platforms.linux-x64-musl"]
checksum = "sha256:ff5a7fe9b4248396023938ef14b344e9fb47d24882ebab1ffa926b62f0a10ebd"
url = "https://files.pythonhosted.org/packages/2c/82/36356bd30ef13ea767c53a4be7c508621e77c2d52e60b48929710de07230/pkgconf-3.0.1.post0-py3-none-manylinux2014_x86_64.manylinux_2_17_x86_64.manylinux_2_28_x86_64.whl"

[[tools.python]]
version = "3.12.13"
backend = "core:python"

[tools.python."platforms.linux-arm64"]
checksum = "sha256:11e713ae1f969385907a76533cc554f6b2e3f1a84896009f91c3fc871034a170"
url = "https://github.com/astral-sh/python-build-standalone/releases/download/20260807/cpython-3.12.13+20260807-aarch64-unknown-linux-gnu-install_only_stripped.tar.gz"
provenance = "github-attestations"

[tools.python."platforms.linux-arm64-musl"]
checksum = "sha256:0c9164b6f4ab0768bbcdf84683aabd680e8d75fa8347c6cecfdc5dad817ffd08"
url = "https://github.com/astral-sh/python-build-standalone/releases/download/20260807/cpython-3.12.13+20260807-aarch64-unknown-linux-musl-install_only_stripped.tar.gz"
provenance = "github-attestations"

[tools.python."platforms.linux-x64"]
checksum = "sha256:506191be3ee7bd190a8834dcdc1b3bc70aab50608deccc711935aa007239cabd"
url = "https://github.com/astral-sh/python-build-standalone/releases/download/20260807/cpython-3.12.13+20260807-x86_64-unknown-linux-gnu-install_only_stripped.tar.gz"
provenance = "github-attestations"

[tools.python."platforms.linux-x64-musl"]
checksum = "sha256:dbe1e98775846b1503e0135353bbd47c51f02b0fc3dcf822ea82386921af1fbd"
url = "https://github.com/astral-sh/python-build-standalone/releases/download/20260807/cpython-3.12.13+20260807-x86_64-unknown-linux-musl-install_only_stripped.tar.gz"
provenance = "github-attestations"

[tools.python."platforms.macos-arm64"]
checksum = "sha256:25baa97c65b3f0aa90e21131b4f9e80aef8899e8144006db8a9d2c1ab9e807e3"
url = "https://github.com/astral-sh/python-build-standalone/releases/download/20260807/cpython-3.12.13+20260807-aarch64-apple-darwin-install_only_stripped.tar.gz"
provenance = "github-attestations"

[tools.python."platforms.macos-x64"]
checksum = "sha256:127053f1736f721e391ddb46f07585d05756e15bb8d757d3bbc0519738998ba1"
url = "https://github.com/astral-sh/python-build-standalone/releases/download/20260807/cpython-3.12.13+20260807-x86_64-apple-darwin-install_only_stripped.tar.gz"
provenance = "github-attestations"

[tools.python."platforms.windows-x64"]
checksum = "sha256:18bcc65b17921806b72cdc88bcf000bf67a2c99a8fc381fe1629f2b9ba56858d"
url = "https://github.com/astral-sh/python-build-standalone/releases/download/20260807/cpython-3.12.13+20260807-x86_64-pc-windows-msvc-install_only_stripped.tar.gz"
provenance = "github-attestations"

[[tools.rclone]]
version = "1.74.2"
backend = "aqua:rclone/rclone"

[tools.rclone."platforms.linux-arm64"]
checksum = "sha256:bc2b2eb8269b743ed7bcea869f3782cfb4931e41efa53fc8befc6dc8308b7a50"
url = "https://github.com/rclone/rclone/releases/download/v1.74.2/rclone-v1.74.2-linux-arm64.zip"
url_api = "https://api.github.com/repos/rclone/rclone/releases/assets/427801689"

[tools.rclone."platforms.linux-arm64-musl"]
checksum = "sha256:bc2b2eb8269b743ed7bcea869f3782cfb4931e41efa53fc8befc6dc8308b7a50"
url = "https://github.com/rclone/rclone/releases/download/v1.74.2/rclone-v1.74.2-linux-arm64.zip"
url_api = "https://api.github.com/repos/rclone/rclone/releases/assets/427801689"

[tools.rclone."platforms.linux-x64"]
checksum = "sha256:72a806370072015ccbe4d81bcd348cc5eaf3beca6c65ba693fd43fb31fcca5b1"
url = "https://github.com/rclone/rclone/releases/download/v1.74.2/rclone-v1.74.2-linux-amd64.zip"
url_api = "https://api.github.com/repos/rclone/rclone/releases/assets/427801449"

[tools.rclone."platforms.linux-x64-musl"]
checksum = "sha256:72a806370072015ccbe4d81bcd348cc5eaf3beca6c65ba693fd43fb31fcca5b1"
url = "https://github.com/rclone/rclone/releases/download/v1.74.2/rclone-v1.74.2-linux-amd64.zip"
url_api = "https://api.github.com/repos/rclone/rclone/releases/assets/427801449"

[tools.rclone."platforms.macos-arm64"]
checksum = "sha256:e170fc4f225cbe3685695c4761259fe5883115a2b022a2f39b7298f946b8d898"
url = "https://github.com/rclone/rclone/releases/download/v1.74.2/rclone-v1.74.2-osx-arm64.zip"
url_api = "https://api.github.com/repos/rclone/rclone/releases/assets/427803998"

[tools.rclone."platforms.macos-x64"]
checksum = "sha256:fc24831eefa3918c278c4a10be4de78288422426e2f7e64509205167f845874d"
url = "https://github.com/rclone/rclone/releases/download/v1.74.2/rclone-v1.74.2-osx-amd64.zip"
url_api = "https://api.github.com/repos/rclone/rclone/releases/assets/427803849"

[tools.rclone."platforms.windows-x64"]
checksum = "sha256:71f376f47428bd467bf92e8bfe7fb36f4c108a4fc4edd3df30fc74dd409c7eef"
url = "https://github.com/rclone/rclone/releases/download/v1.74.2/rclone-v1.74.2-windows-amd64.zip"
url_api = "https://api.github.com/repos/rclone/rclone/releases/assets/427804820"

[[tools.rust]]
version = "1.97.1"
backend = "core:rust"

[tools.rust.options]
components = "clippy,rustfmt"

[[tools.taplo]]
version = "0.10.0"
backend = "aqua:tamasfe/taplo"

[tools.taplo."platforms.linux-arm64"]
url = "https://github.com/tamasfe/taplo/releases/download/0.10.0/taplo-linux-aarch64.gz"
url_api = "https://api.github.com/repos/tamasfe/taplo/releases/assets/257322597"

[tools.taplo."platforms.linux-arm64-musl"]
url = "https://github.com/tamasfe/taplo/releases/download/0.10.0/taplo-linux-aarch64.gz"
url_api = "https://api.github.com/repos/tamasfe/taplo/releases/assets/257322597"

[tools.taplo."platforms.linux-x64"]
url = "https://github.com/tamasfe/taplo/releases/download/0.10.0/taplo-linux-x86_64.gz"
url_api = "https://api.github.com/repos/tamasfe/taplo/releases/assets/257322600"

[tools.taplo."platforms.linux-x64-musl"]
url = "https://github.com/tamasfe/taplo/releases/download/0.10.0/taplo-linux-x86_64.gz"
url_api = "https://api.github.com/repos/tamasfe/taplo/releases/assets/257322600"

[tools.taplo."platforms.macos-arm64"]
url = "https://github.com/tamasfe/taplo/releases/download/0.10.0/taplo-darwin-aarch64.gz"
url_api = "https://api.github.com/repos/tamasfe/taplo/releases/assets/257323110"

[tools.taplo."platforms.macos-x64"]
url = "https://github.com/tamasfe/taplo/releases/download/0.10.0/taplo-darwin-x86_64.gz"
url_api = "https://api.github.com/repos/tamasfe/taplo/releases/assets/257323116"

[tools.taplo."platforms.windows-x64"]
url = "https://github.com/tamasfe/taplo/releases/download/0.10.0/taplo-windows-x86_64.zip"
url_api = "https://api.github.com/repos/tamasfe/taplo/releases/assets/257323062"

[[tools.uv]]
version = "0.11.7"
backend = "aqua:astral-sh/uv"

[tools.uv."platforms.linux-arm64"]
checksum = "sha256:f2ee1cde9aabb4c6e43bd3f341dadaf42189a54e001e521346dc31547310e284"
url = "https://github.com/astral-sh/uv/releases/download/0.11.7/uv-aarch64-unknown-linux-gnu.tar.gz"
url_api = "https://api.github.com/repos/astral-sh/uv/releases/assets/397306019"
provenance = "github-attestations"

[tools.uv."platforms.linux-arm64-musl"]
checksum = "sha256:46647dc16cbb7d6700f762fdd7a67d220abe18570914732bc310adc91308d272"
url = "https://github.com/astral-sh/uv/releases/download/0.11.7/uv-aarch64-unknown-linux-musl.tar.gz"
url_api = "https://api.github.com/repos/astral-sh/uv/releases/assets/397306022"
provenance = "github-attestations"

[tools.uv."platforms.linux-x64"]
checksum = "sha256:6681d691eb7f9c00ac6a3af54252f7ab29ae72f0c8f95bdc7f9d1401c23ea868"
url = "https://github.com/astral-sh/uv/releases/download/0.11.7/uv-x86_64-unknown-linux-gnu.tar.gz"
url_api = "https://api.github.com/repos/astral-sh/uv/releases/assets/397306063"
provenance = "github-attestations"

[tools.uv."platforms.linux-x64-musl"]
checksum = "sha256:64ddb5f1087649e3f75aa50d139aa4f36ddde728a5295a141e0fa9697bfb7b0f"
url = "https://github.com/astral-sh/uv/releases/download/0.11.7/uv-x86_64-unknown-linux-musl.tar.gz"
url_api = "https://api.github.com/repos/astral-sh/uv/releases/assets/397306071"
provenance = "github-attestations"

[tools.uv."platforms.macos-arm64"]
checksum = "sha256:66e37d91f839e12481d7b932a1eccbfe732560f42c1cfb89faddfa2454534ba8"
url = "https://github.com/astral-sh/uv/releases/download/0.11.7/uv-aarch64-apple-darwin.tar.gz"
url_api = "https://api.github.com/repos/astral-sh/uv/releases/assets/397306011"
provenance = "github-attestations"

[tools.uv."platforms.macos-x64"]
checksum = "sha256:0a4bc8fcde4974ea3560be21772aeecab600a6f43fa6e58169f9fa7b3b71d302"
url = "https://github.com/astral-sh/uv/releases/download/0.11.7/uv-x86_64-apple-darwin.tar.gz"
url_api = "https://api.github.com/repos/astral-sh/uv/releases/assets/397306059"
provenance = "github-attestations"

[tools.uv."platforms.windows-x64"]
checksum = "sha256:fe0c7815acf4fc45f8a5eff58ed3cf7ae2e15c3cf1dceadbd10c816ec1690cc1"
url = "https://github.com/astral-sh/uv/releases/download/0.11.7/uv-x86_64-pc-windows-msvc.zip"
url_api = "https://api.github.com/repos/astral-sh/uv/releases/assets/397306062"
provenance = "github-attestations"
